
Microsoft Visual Studio Solution File, Format Version 12.00
# Visual Studio Version 17
VisualStudioVersion = 17.11.35327.3
MinimumVisualStudioVersion = 10.0.40219.1
Project("{FAE04EC0-301F-11D3-BF4B-00C04F79EFBC}") = "ServiceRapportFinancier", "ServiceRapportFinancier\ServiceRapportFinancier.csproj", "{BBF4F629-61D4-452E-8BB4-72D6627B57D2}"
EndProject
Global
	GlobalSection(SolutionConfigurationPlatforms) = preSolution
		Debug|Any CPU = Debug|Any CPU
		Release|Any CPU = Release|Any CPU
	EndGlobalSection
	GlobalSection(ProjectConfigurationPlatforms) = postSolution
		{BBF4F629-61D4-452E-8BB4-72D6627B57D2}.Debug|Any CPU.ActiveCfg = Debug|Any CPU
		{BBF4F629-61D4-452E-8BB4-72D6627B57D2}.Debug|Any CPU.Build.0 = Debug|Any CPU
		{BBF4F629-61D4-452E-8BB4-72D6627B57D2}.Release|Any CPU.ActiveCfg = Release|Any CPU
		{BBF4F629-61D4-452E-8BB4-72D6627B57D2}.Release|Any CPU.Build.0 = Release|Any CPU
	EndGlobalSection
	GlobalSection(SolutionProperties) = preSolution
		HideSolutionNode = FALSE
	EndGlobalSection
	GlobalSection(ExtensibilityGlobals) = postSolution
		SolutionGuid = {16770B1A-CEE2-480A-8D28-735DE84032E1}
	EndGlobalSection
EndGlobal
